
Microsoft Visual Studio Solution File, Format Version 12.00
# Visual Studio Version 17
VisualStudioVersion = 17.1.32414.318
MinimumVisualStudioVersion = 10.0.40219.1
Project("{9A19103F-16F7-4668-BE54-9A1E7A4F7556}") = "LcdScreenApp", "src\LcdScreenApp.csproj", "{AD1EF7FF-FF36-4D47-B0CB-C88DFCB033E5}"
EndProject
Global
	GlobalSection(SolutionConfigurationPlatforms) = preSolution
		Debug|Any CPU = Debug|Any CPU
		Release|Any CPU = Release|Any CPU
	EndGlobalSection
	GlobalSection(ProjectConfigurationPlatforms) = postSolution
		{AD1EF7FF-FF36-4D47-B0CB-C88DFCB033E5}.Debug|Any CPU.ActiveCfg = Debug|Any CPU
		{AD1EF7FF-FF36-4D47-B0CB-C88DFCB033E5}.Debug|Any CPU.Build.0 = Debug|Any CPU
		{AD1EF7FF-FF36-4D47-B0CB-C88DFCB033E5}.Release|Any CPU.ActiveCfg = Release|Any CPU
		{AD1EF7FF-FF36-4D47-B0CB-C88DFCB033E5}.Release|Any CPU.Build.0 = Release|Any CPU
	EndGlobalSection
	GlobalSection(SolutionProperties) = preSolution
		HideSolutionNode = FALSE
	EndGlobalSection
	GlobalSection(ExtensibilityGlobals) = postSolution
		SolutionGuid = {323202A9-1A51-4A59-8C9F-6CB7DBAAB83C}
	EndGlobalSection
EndGlobal
